// !$*UTF8*$!
{
	archiveVersion = 1;
	classes = {
	};
	objectVersion = 50;
	objects = {

/* Begin PBXBuildFile section */
		7C519A95245FF5B600F4BB0F /* AppDelegate.swift in Sources */ = {isa = PBXBuildFile; fileRef = 7C519A94245FF5B600F4BB0F /* AppDelegate.swift */; };
		7C519A9A245FF5B600F4BB0F /* Main.storyboard in Resources */ = {isa = PBXBuildFile; fileRef = 7C519A98245FF5B600F4BB0F /* Main.storyboard */; };
		7C519A9C245FF5B700F4BB0F /* Assets.xcassets in Resources */ = {isa = PBXBuildFile; fileRef = 7C519A9B245FF5B700F4BB0F /* Assets.xcassets */; };
		7C519A9F245FF5B700F4BB0F /* LaunchScreen.storyboard in Resources */ = {isa = PBXBuildFile; fileRef = 7C519A9D245FF5B700F4BB0F /* LaunchScreen.storyboard */; };
		7C519AA724603FF700F4BB0F /* Saver.swift in Sources */ = {isa = PBXBuildFile; fileRef = 7C519AA624603FF700F4BB0F /* Saver.swift */; };
		7C519AA9246065C300F4BB0F /* TableViewController.swift in Sources */ = {isa = PBXBuildFile; fileRef = 7C519AA8246065C300F4BB0F /* TableViewController.swift */; };
		7CF7839D24670184000D0F27 /* File.swift in Sources */ = {isa = PBXBuildFile; fileRef = 7CF7839C24670184000D0F27 /* File.swift */; };
		7CF7839F24670203000D0F27 /* MediaType.swift in Sources */ = {isa = PBXBuildFile; fileRef = 7CF7839E24670203000D0F27 /* MediaType.swift */; };
/* End PBXBuildFile section */

/* Begin PBXFileReference section */
		7C519A91245FF5B600F4BB0F /* Save to Photos.app */ = {isa = PBXFileReference; explicitFileType = wrapper.application; includeInIndex = 0; path = "Save to Photos.app"; sourceTree = BUILT_PRODUCTS_DIR; };
		7C519A94245FF5B600F4BB0F /* AppDelegate.swift */ = {isa = PBXFileReference; lastKnownFileType = sourcecode.swift; path = AppDelegate.swift; sourceTree = "<group>"; };
		7C519A99245FF5B600F4BB0F /* Base */ = {isa = PBXFileReference; lastKnownFileType = file.storyboard; name = Base; path = Base.lproj/Main.storyboard; sourceTree = "<group>"; };
		7C519A9B245FF5B700F4BB0F /* Assets.xcassets */ = {isa = PBXFileReference; lastKnownFileType = folder.assetcatalog; path = Assets.xcassets; sourceTree = "<group>"; };
		7C519A9E245FF5B700F4BB0F /* Base */ = {isa = PBXFileReference; lastKnownFileType = file.storyboard; name = Base; path = Base.lproj/LaunchScreen.storyboard; sourceTree = "<group>"; };
		7C519AA0245FF5B700F4BB0F /* Info.plist */ = {isa = PBXFileReference; lastKnownFileType = text.plist.xml; path = Info.plist; sourceTree = "<group>"; };
		7C519AA624603FF700F4BB0F /* Saver.swift */ = {isa = PBXFileReference; lastKnownFileType = sourcecode.swift; path = Saver.swift; sourceTree = "<group>"; };
		7C519AA8246065C300F4BB0F /* TableViewController.swift */ = {isa = PBXFileReference; lastKnownFileType = sourcecode.swift; path = TableViewController.swift; sourceTree = "<group>"; };
		7CF7839C24670184000D0F27 /* File.swift */ = {isa = PBXFileReference; lastKnownFileType = sourcecode.swift; path = File.swift; sourceTree = "<group>"; };
		7CF7839E24670203000D0F27 /* MediaType.swift */ = {isa = PBXFileReference; lastKnownFileType = sourcecode.swift; path = MediaType.swift; sourceTree = "<group>"; };
/* End PBXFileReference section */

/* Begin PBXFrameworksBuildPhase section */
		7C519A8E245FF5B600F4BB0F /* Frameworks */ = {
			isa = PBXFrameworksBuildPhase;
			buildActionMask = 2147483647;
			files = (
			);
			runOnlyForDeploymentPostprocessing = 0;
		};
/* End PBXFrameworksBuildPhase section */

/* Begin PBXGroup section */
		7C519A88245FF5B600F4BB0F = {
			isa = PBXGroup;
			children = (
				7C519A93245FF5B600F4BB0F /* Save to Photos */,
				7C519A92245FF5B600F4BB0F /* Products */,
			);
			sourceTree = "<group>";
		};
		7C519A92245FF5B600F4BB0F /* Products */ = {
			isa = PBXGroup;
			children = (
				7C519A91245FF5B600F4BB0F /* Save to Photos.app */,
			);
			name = Products;
			sourceTree = "<group>";
		};
		7C519A93245FF5B600F4BB0F /* Save to Photos */ = {
			isa = PBXGroup;
			children = (
				7C519A94245FF5B600F4BB0F /* AppDelegate.swift */,
				7C519AA8246065C300F4BB0F /* TableViewController.swift */,
				7CF7839C24670184000D0F27 /* File.swift */,
				7CF7839E24670203000D0F27 /* MediaType.swift */,
				7C519AA624603FF700F4BB0F /* Saver.swift */,
				7C519A98245FF5B600F4BB0F /* Main.storyboard */,
				7C519A9B245FF5B700F4BB0F /* Assets.xcassets */,
				7C519A9D245FF5B700F4BB0F /* LaunchScreen.storyboard */,
				7C519AA0245FF5B700F4BB0F /* Info.plist */,
			);
			path = "Save to Photos";
			sourceTree = "<group>";
		};
/* End PBXGroup section */

/* Begin PBXNativeTarget section */
		7C519A90245FF5B600F4BB0F /* Save to Photos */ = {
			isa = PBXNativeTarget;
			buildConfigurationList = 7C519AA3245FF5B700F4BB0F /* Build configuration list for PBXNativeTarget "Save to Photos" */;
			buildPhases = (
				7C519A8D245FF5B600F4BB0F /* Sources */,
				7C519A8E245FF5B600F4BB0F /* Frameworks */,
				7C519A8F245FF5B600F4BB0F /* Resources */,
			);
			buildRules = (
			);
			dependencies = (
			);
			name = "Save to Photos";
			productName = "Save to Photos";
			productReference = 7C519A91245FF5B600F4BB0F /* Save to Photos.app */;
			productType = "com.apple.product-type.application";
		};
/* End PBXNativeTarget section */

/* Begin PBXProject section */
		7C519A89245FF5B600F4BB0F /* Project object */ = {
			isa = PBXProject;
			attributes = {
				LastSwiftUpdateCheck = 1010;
				LastUpgradeCheck = 1010;
				ORGANIZATIONNAME = oleG;
				TargetAttributes = {
					7C519A90245FF5B600F4BB0F = {
						CreatedOnToolsVersion = 10.1;
					};
				};
			};
			buildConfigurationList = 7C519A8C245FF5B600F4BB0F /* Build configuration list for PBXProject "Save to Photos" */;
			compatibilityVersion = "Xcode 9.3";
			developmentRegion = en;
			hasScannedForEncodings = 0;
			knownRegions = (
				en,
				Base,
			);
			mainGroup = 7C519A88245FF5B600F4BB0F;
			productRefGroup = 7C519A92245FF5B600F4BB0F /* Products */;
			projectDirPath = "";
			projectRoot = "";
			targets = (
				7C519A90245FF5B600F4BB0F /* Save to Photos */,
			);
		};
/* End PBXProject section */

/* Begin PBXResourcesBuildPhase section */
		7C519A8F245FF5B600F4BB0F /* Resources */ = {
			isa = PBXResourcesBuildPhase;
			buildActionMask = 2147483647;
			files = (
				7C519A9F245FF5B700F4BB0F /* LaunchScreen.storyboard in Resources */,
				7C519A9C245FF5B700F4BB0F /* Assets.xcassets in Resources */,
				7C519A9A245FF5B600F4BB0F /* Main.storyboard in Resources */,
			);
			runOnlyForDeploymentPostprocessing = 0;
		};
/* End PBXResourcesBuildPhase section */

/* Begin PBXSourcesBuildPhase section */
		7C519A8D245FF5B600F4BB0F /* Sources */ = {
			isa = PBXSourcesBuildPhase;
			buildActionMask = 2147483647;
			files = (
				7CF7839F24670203000D0F27 /* MediaType.swift in Sources */,
				7C519AA724603FF700F4BB0F /* Saver.swift in Sources */,
				7CF7839D24670184000D0F27 /* File.swift in Sources */,
				7C519AA9246065C300F4BB0F /* TableViewController.swift in Sources */,
				7C519A95245FF5B600F4BB0F /* AppDelegate.swift in Sources */,
			);
			runOnlyForDeploymentPostprocessing = 0;
		};
/* End PBXSourcesBuildPhase section */

/* Begin PBXVariantGroup section */
		7C519A98245FF5B600F4BB0F /* Main.storyboard */ = {
			isa = PBXVariantGroup;
			children = (
				7C519A99245FF5B600F4BB0F /* Base */,
			);
			name = Main.storyboard;
			sourceTree = "<group>";
		};
		7C519A9D245FF5B700F4BB0F /* LaunchScreen.storyboard */ = {
			isa = PBXVariantGroup;
			children = (
				7C519A9E245FF5B700F4BB0F /* Base */,
			);
			name = LaunchScreen.storyboard;
			sourceTree = "<group>";
		};
/* End PBXVariantGroup section */

/* Begin XCBuildConfiguration section */
		7C519AA1245FF5B700F4BB0F /* Debug */ = {
			isa = XCBuildConfiguration;
			buildSettings = {
				ALWAYS_SEARCH_USER_PATHS = NO;
				CLANG_ANALYZER_NONNULL = YES;
				CLANG_ANALYZER_NUMBER_OBJECT_CONVERSION = YES_AGGRESSIVE;
				CLANG_CXX_LANGUAGE_STANDARD = "gnu++14";
				CLANG_CXX_LIBRARY = "libc++";
				CLANG_ENABLE_MODULES = YES;
				CLANG_ENABLE_OBJC_ARC = YES;
				CLANG_ENABLE_OBJC_WEAK = YES;
				CLANG_WARN_BLOCK_CAPTURE_AUTORELEASING = YES;
				CLANG_WARN_BOOL_CONVERSION = YES;
				CLANG_WARN_COMMA = YES;
				CLANG_WARN_CONSTANT_CONVERSION = YES;
				CLANG_WARN_DEPRECATED_OBJC_IMPLEMENTATIONS = YES;
				CLANG_WARN_DIRECT_OBJC_ISA_USAGE = YES_ERROR;
				CLANG_WARN_DOCUMENTATION_COMMENTS = YES;
				CLANG_WARN_EMPTY_BODY = YES;
				CLANG_WARN_ENUM_CONVERSION = YES;
				CLANG_WARN_INFINITE_RECURSION = YES;
				CLANG_WARN_INT_CONVERSION = YES;
				CLANG_WARN_NON_LITERAL_NULL_CONVERSION = YES;
				CLANG_WARN_OBJC_IMPLICIT_RETAIN_SELF = YES;
				CLANG_WARN_OBJC_LITERAL_CONVERSION = YES;
				CLANG_WARN_OBJC_ROOT_CLASS = YES_ERROR;
				CLANG_WARN_RANGE_LOOP_ANALYSIS = YES;
				CLANG_WARN_STRICT_PROTOTYPES = YES;
				CLANG_WARN_SUSPICIOUS_MOVE = YES;
				CLANG_WARN_UNGUARDED_AVAILABILITY = YES_AGGRESSIVE;
				CLANG_WARN_UNREACHABLE_CODE = YES;
				CLANG_WARN__DUPLICATE_METHOD_MATCH = YES;
				CODE_SIGN_IDENTITY = "iPhone Developer";
				COPY_PHASE_STRIP = NO;
				DEBUG_INFORMATION_FORMAT = dwarf;
				ENABLE_STRICT_OBJC_MSGSEND = YES;
				ENABLE_TESTABILITY = YES;
				GCC_C_LANGUAGE_STANDARD = gnu11;
				GCC_DYNAMIC_NO_PIC = NO;
				GCC_NO_COMMON_BLOCKS = YES;
				GCC_OPTIMIZATION_LEVEL = 0;
				GCC_PREPROCESSOR_DEFINITIONS = (
					"DEBUG=1",
					"$(inherited)",
				);
				GCC_WARN_64_TO_32_BIT_CONVERSION = YES;
				GCC_WARN_ABOUT_RETURN_TYPE = YES_ERROR;
				GCC_WARN_UNDECLARED_SELECTOR = YES;
				GCC_WARN_UNINITIALIZED_AUTOS = YES_AGGRESSIVE;
				GCC_WARN_UNUSED_FUNCTION = YES;
				GCC_WARN_UNUSED_VARIABLE = YES;
				IPHONEOS_DEPLOYMENT_TARGET = 12.1;
				MTL_ENABLE_DEBUG_INFO = INCLUDE_SOURCE;
				MTL_FAST_MATH = YES;
				ONLY_ACTIVE_ARCH = YES;
				SDKROOT = iphoneos;
				SWIFT_ACTIVE_COMPILATION_CONDITIONS = DEBUG;
				SWIFT_OPTIMIZATION_LEVEL = "-Onone";
			};
			name = Debug;
		};
		7C519AA2245FF5B700F4BB0F /* Release */ = {
			isa = XCBuildConfiguration;
			buildSettings = {
				ALWAYS_SEARCH_USER_PATHS = NO;
				CLANG_ANALYZER_NONNULL = YES;
				CLANG_ANALYZER_NUMBER_OBJECT_CONVERSION = YES_AGGRESSIVE;
				CLANG_CXX_LANGUAGE_STANDARD = "gnu++14";
				CLANG_CXX_LIBRARY = "libc++";
				CLANG_ENABLE_MODULES = YES;
				CLANG_ENABLE_OBJC_ARC = YES;
				CLANG_ENABLE_OBJC_WEAK = YES;
				CLANG_WARN_BLOCK_CAPTURE_AUTORELEASING = YES;
				CLANG_WARN_BOOL_CONVERSION = YES;
				CLANG_WARN_COMMA = YES;
				CLANG_WARN_CONSTANT_CONVERSION = YES;
				CLANG_WARN_DEPRECATED_OBJC_IMPLEMENTATIONS = YES;
				CLANG_WARN_DIRECT_OBJC_ISA_USAGE = YES_ERROR;
				CLANG_WARN_DOCUMENTATION_COMMENTS = YES;
				CLANG_WARN_EMPTY_BODY = YES;
				CLANG_WARN_ENUM_CONVERSION = YES;
				CLANG_WARN_INFINITE_RECURSION = YES;
				CLANG_WARN_INT_CONVERSION = YES;
				CLANG_WARN_NON_LITERAL_NULL_CONVERSION = YES;
				CLANG_WARN_OBJC_IMPLICIT_RETAIN_SELF = YES;
				CLANG_WARN_OBJC_LITERAL_CONVERSION = YES;
				CLANG_WARN_OBJC_ROOT_CLASS = YES_ERROR;
				CLANG_WARN_RANGE_LOOP_ANALYSIS = YES;
				CLANG_WARN_STRICT_PROTOTYPES = YES;
				CLANG_WARN_SUSPICIOUS_MOVE = YES;
				CLANG_WARN_UNGUARDED_AVAILABILITY = YES_AGGRESSIVE;
				CLANG_WARN_UNREACHABLE_CODE = YES;
				CLANG_WARN__DUPLICATE_METHOD_MATCH = YES;
				CODE_SIGN_IDENTITY = "iPhone Developer";
				COPY_PHASE_STRIP = NO;
				DEBUG_INFORMATION_FORMAT = "dwarf-with-dsym";
				ENABLE_NS_ASSERTIONS = NO;
				ENABLE_STRICT_OBJC_MSGSEND = YES;
				GCC_C_LANGUAGE_STANDARD = gnu11;
				GCC_NO_COMMON_BLOCKS = YES;
				GCC_WARN_64_TO_32_BIT_CONVERSION = YES;
				GCC_WARN_ABOUT_RETURN_TYPE = YES_ERROR;
				GCC_WARN_UNDECLARED_SELECTOR = YES;
				GCC_WARN_UNINITIALIZED_AUTOS = YES_AGGRESSIVE;
				GCC_WARN_UNUSED_FUNCTION = YES;
				GCC_WARN_UNUSED_VARIABLE = YES;
				IPHONEOS_DEPLOYMENT_TARGET = 12.1;
				MTL_ENABLE_DEBUG_INFO = NO;
				MTL_FAST_MATH = YES;
				SDKROOT = iphoneos;
				SWIFT_COMPILATION_MODE = wholemodule;
				SWIFT_OPTIMIZATION_LEVEL = "-O";
				VALIDATE_PRODUCT = YES;
			};
			name = Release;
		};
		7C519AA4245FF5B700F4BB0F /* Debug */ = {
			isa = XCBuildConfiguration;
			buildSettings = {
				ASSETCATALOG_COMPILER_APPICON_NAME = AppIcon;
				CODE_SIGN_STYLE = Automatic;
				DEVELOPMENT_TEAM = HRK54QG7WN;
				INFOPLIST_FILE = "Save to Photos/Info.plist";
				LD_RUNPATH_SEARCH_PATHS = (
					"$(inherited)",
					"@executable_path/Frameworks",
				);
				PRODUCT_BUNDLE_IDENTIFIER = "com.tarasencode.Save-to-Photos";
				PRODUCT_NAME = "$(TARGET_NAME)";
				SWIFT_VERSION = 4.2;
				TARGETED_DEVICE_FAMILY = "1,2";
			};
			name = Debug;
		};
		7C519AA5245FF5B700F4BB0F /* Release */ = {
			isa = XCBuildConfiguration;
			buildSettings = {
				ASSETCATALOG_COMPILER_APPICON_NAME = AppIcon;
				CODE_SIGN_STYLE = Automatic;
				DEVELOPMENT_TEAM = HRK54QG7WN;
				INFOPLIST_FILE = "Save to Photos/Info.plist";
				LD_RUNPATH_SEARCH_PATHS = (
					"$(inherited)",
					"@executable_path/Frameworks",
				);
				PRODUCT_BUNDLE_IDENTIFIER = "com.tarasencode.Save-to-Photos";
				PRODUCT_NAME = "$(TARGET_NAME)";
				SWIFT_VERSION = 4.2;
				TARGETED_DEVICE_FAMILY = "1,2";
			};
			name = Release;
		};
/* End XCBuildConfiguration section */

/* Begin XCConfigurationList section */
		7C519A8C245FF5B600F4BB0F /* Build configuration list for PBXProject "Save to Photos" */ = {
			isa = XCConfigurationList;
			buildConfigurations = (
				7C519AA1245FF5B700F4BB0F /* Debug */,
				7C519AA2245FF5B700F4BB0F /* Release */,
			);
			defaultConfigurationIsVisible = 0;
			defaultConfigurationName = Release;
		};
		7C519AA3245FF5B700F4BB0F /* Build configuration list for PBXNativeTarget "Save to Photos" */ = {
			isa = XCConfigurationList;
			buildConfigurations = (
				7C519AA4245FF5B700F4BB0F /* Debug */,
				7C519AA5245FF5B700F4BB0F /* Release */,
			);
			defaultConfigurationIsVisible = 0;
			defaultConfigurationName = Release;
		};
/* End XCConfigurationList section */
	};
	rootObject = 7C519A89245FF5B600F4BB0F /* Project object */;
}
